// !$*UTF8*$!
{
	archiveVersion = 1;
	classes = {
	};
	objectVersion = 46;
	objects = {

/* Begin PBXBuildFile section */
		D0A8601716068D6600BCFDE9 /* UIKit.framework in Frameworks */ = {isa = PBXBuildFile; fileRef = D0A8601616068D6600BCFDE9 /* UIKit.framework */; };
		D0A8601916068D6600BCFDE9 /* Foundation.framework in Frameworks */ = {isa = PBXBuildFile; fileRef = D0A8601816068D6600BCFDE9 /* Foundation.framework */; };
		D0A8601B16068D6600BCFDE9 /* CoreGraphics.framework in Frameworks */ = {isa = PBXBuildFile; fileRef = D0A8601A16068D6600BCFDE9 /* CoreGraphics.framework */; };
		D0A8602116068D6600BCFDE9 /* InfoPlist.strings in Resources */ = {isa = PBXBuildFile; fileRef = D0A8601F16068D6600BCFDE9 /* InfoPlist.strings */; };
		D0A8602316068D6600BCFDE9 /* main.m in Sources */ = {isa = PBXBuildFile; fileRef = D0A8602216068D6600BCFDE9 /* main.m */; };
		D0A8602716068D6600BCFDE9 /* AppDelegate.m in Sources */ = {isa = PBXBuildFile; fileRef = D0A8602616068D6600BCFDE9 /* AppDelegate.m */; };
		D0A8602A16068D6600BCFDE9 /* MainStoryboard_iPhone.storyboard in Resources */ = {isa = PBXBuildFile; fileRef = D0A8602816068D6600BCFDE9 /* MainStoryboard_iPhone.storyboard */; };
		D0A8602D16068D6600BCFDE9 /* MainStoryboard_iPad.storyboard in Resources */ = {isa = PBXBuildFile; fileRef = D0A8602B16068D6600BCFDE9 /* MainStoryboard_iPad.storyboard */; };
		D0A8603016068D6600BCFDE9 /* ViewController.m in Sources */ = {isa = PBXBuildFile; fileRef = D0A8602F16068D6600BCFDE9 /* ViewController.m */; };
/* End PBXBuildFile section */

/* Begin PBXFileReference section */
		D0A8601216068D6600BCFDE9 /* Calculator2.app */ = {isa = PBXFileReference; explicitFileType = wrapper.application; includeInIndex = 0; path = Calculator2.app; sourceTree = BUILT_PRODUCTS_DIR; };
		D0A8601616068D6600BCFDE9 /* UIKit.framework */ = {isa = PBXFileReference; lastKnownFileType = wrapper.framework; name = UIKit.framework; path = System/Library/Frameworks/UIKit.framework; sourceTree = SDKROOT; };
		D0A8601816068D6600BCFDE9 /* Foundation.framework */ = {isa = PBXFileReference; lastKnownFileType = wrapper.framework; name = Foundation.framework; path = System/Library/Frameworks/Foundation.framework; sourceTree = SDKROOT; };
		D0A8601A16068D6600BCFDE9 /* CoreGraphics.framework */ = {isa = PBXFileReference; lastKnownFileType = wrapper.framework; name = CoreGraphics.framework; path = System/Library/Frameworks/CoreGraphics.framework; sourceTree = SDKROOT; };
		D0A8601E16068D6600BCFDE9 /* Calculator2-Info.plist */ = {isa = PBXFileReference; path = "Calculator2-Info.plist"; sourceTree = "<group>"; };
		D0A8602016068D6600BCFDE9 /* en */ = {isa = PBXFileReference; lastKnownFileType = text.plist.strings; name = en; path = en.lproj/InfoPlist.strings; sourceTree = "<group>"; };
		D0A8602216068D6600BCFDE9 /* main.m */ = {isa = PBXFileReference; lastKnownFileType = sourcecode.c.objc; path = main.m; sourceTree = "<group>"; };
		D0A8602416068D6600BCFDE9 /* Calculator2-Prefix.pch */ = {isa = PBXFileReference; path = "Calculator2-Prefix.pch"; sourceTree = "<group>"; };
		D0A8602516068D6600BCFDE9 /* AppDelegate.h */ = {isa = PBXFileReference; path = AppDelegate.h; sourceTree = "<group>"; };
		D0A8602616068D6600BCFDE9 /* AppDelegate.m */ = {isa = PBXFileReference; lastKnownFileType = sourcecode.c.objc; path = AppDelegate.m; sourceTree = "<group>"; };
		D0A8602916068D6600BCFDE9 /* en */ = {isa = PBXFileReference; lastKnownFileType = file.storyboard; name = en; path = en.lproj/MainStoryboard_iPhone.storyboard; sourceTree = "<group>"; };
		D0A8602C16068D6600BCFDE9 /* en */ = {isa = PBXFileReference; lastKnownFileType = file.storyboard; name = en; path = en.lproj/MainStoryboard_iPad.storyboard; sourceTree = "<group>"; };
		D0A8602E16068D6600BCFDE9 /* ViewController.h */ = {isa = PBXFileReference; path = ViewController.h; sourceTree = "<group>"; };
		D0A8602F16068D6600BCFDE9 /* ViewController.m */ = {isa = PBXFileReference; lastKnownFileType = sourcecode.c.objc; path = ViewController.m; sourceTree = "<group>"; };
/* End PBXFileReference section */

/* Begin PBXFrameworksBuildPhase section */
		D0A8600F16068D6600BCFDE9 /* Frameworks */ = {
			isa = PBXFrameworksBuildPhase;
			buildActionMask = 2147483647;
			files = (
				D0A8601716068D6600BCFDE9 /* UIKit.framework in Frameworks */,
				D0A8601916068D6600BCFDE9 /* Foundation.framework in Frameworks */,
				D0A8601B16068D6600BCFDE9 /* CoreGraphics.framework in Frameworks */,
			);
			runOnlyForDeploymentPostprocessing = 0;
		};
/* End PBXFrameworksBuildPhase section */

/* Begin PBXGroup section */
		D0A8600716068D6600BCFDE9 = {
			isa = PBXGroup;
			children = (
				D0A8601C16068D6600BCFDE9 /* Calculator2 */,
				D0A8601516068D6600BCFDE9 /* Frameworks */,
				D0A8601316068D6600BCFDE9 /* Products */,
			);
			sourceTree = "<group>";
		};
		D0A8601316068D6600BCFDE9 /* Products */ = {
			isa = PBXGroup;
			children = (
				D0A8601216068D6600BCFDE9 /* Calculator2.app */,
			);
			name = Products;
			sourceTree = "<group>";
		};
		D0A8601516068D6600BCFDE9 /* Frameworks */ = {
			isa = PBXGroup;
			children = (
				D0A8601616068D6600BCFDE9 /* UIKit.framework */,
				D0A8601816068D6600BCFDE9 /* Foundation.framework */,
				D0A8601A16068D6600BCFDE9 /* CoreGraphics.framework */,
			);
			name = Frameworks;
			sourceTree = "<group>";
		};
		D0A8601C16068D6600BCFDE9 /* Calculator2 */ = {
			isa = PBXGroup;
			children = (
				D0A8602516068D6600BCFDE9 /* AppDelegate.h */,
				D0A8602616068D6600BCFDE9 /* AppDelegate.m */,
				D0A8602816068D6600BCFDE9 /* MainStoryboard_iPhone.storyboard */,
				D0A8602B16068D6600BCFDE9 /* MainStoryboard_iPad.storyboard */,
				D0A8602E16068D6600BCFDE9 /* ViewController.h */,
				D0A8602F16068D6600BCFDE9 /* ViewController.m */,
				D0A8601D16068D6600BCFDE9 /* Supporting Files */,
			);
			path = Calculator2;
			sourceTree = "<group>";
		};
		D0A8601D16068D6600BCFDE9 /* Supporting Files */ = {
			isa = PBXGroup;
			children = (
				D0A8601E16068D6600BCFDE9 /* Calculator2-Info.plist */,
				D0A8601F16068D6600BCFDE9 /* InfoPlist.strings */,
				D0A8602216068D6600BCFDE9 /* main.m */,
				D0A8602416068D6600BCFDE9 /* Calculator2-Prefix.pch */,
			);
			name = "Supporting Files";
			sourceTree = "<group>";
		};
/* End PBXGroup section */

/* Begin PBXNativeTarget section */
		D0A8601116068D6600BCFDE9 /* Calculator2 */ = {
			isa = PBXNativeTarget;
			buildConfigurationList = D0A8603316068D6600BCFDE9 /* Build configuration list for PBXNativeTarget "Calculator2" */;
			buildPhases = (
				D0A8600E16068D6600BCFDE9 /* Sources */,
				D0A8600F16068D6600BCFDE9 /* Frameworks */,
				D0A8601016068D6600BCFDE9 /* Resources */,
			);
			buildRules = (
			);
			dependencies = (
			);
			name = Calculator2;
			productName = Calculator2;
			productReference = D0A8601216068D6600BCFDE9 /* Calculator2.app */;
			productType = "com.apple.product-type.application";
		};
/* End PBXNativeTarget section */

/* Begin PBXProject section */
		D0A8600916068D6600BCFDE9 /* Project object */ = {
			isa = PBXProject;
			attributes = {
				LastUpgradeCheck = 0420;
				ORGANIZATIONNAME = N/A;
			};
			buildConfigurationList = D0A8600C16068D6600BCFDE9 /* Build configuration list for PBXProject "Calculator2" */;
			compatibilityVersion = "Xcode 3.2";
			developmentRegion = English;
			hasScannedForEncodings = 0;
			knownRegions = (
				en,
			);
			mainGroup = D0A8600716068D6600BCFDE9;
			productRefGroup = D0A8601316068D6600BCFDE9 /* Products */;
			projectDirPath = "";
			projectRoot = "";
			targets = (
				D0A8601116068D6600BCFDE9 /* Calculator2 */,
			);
		};
/* End PBXProject section */

/* Begin PBXResourcesBuildPhase section */
		D0A8601016068D6600BCFDE9 /* Resources */ = {
			isa = PBXResourcesBuildPhase;
			buildActionMask = 2147483647;
			files = (
				D0A8602116068D6600BCFDE9 /* InfoPlist.strings in Resources */,
				D0A8602A16068D6600BCFDE9 /* MainStoryboard_iPhone.storyboard in Resources */,
				D0A8602D16068D6600BCFDE9 /* MainStoryboard_iPad.storyboard in Resources */,
			);
			runOnlyForDeploymentPostprocessing = 0;
		};
/* End PBXResourcesBuildPhase section */

/* Begin PBXSourcesBuildPhase section */
		D0A8600E16068D6600BCFDE9 /* Sources */ = {
			isa = PBXSourcesBuildPhase;
			buildActionMask = 2147483647;
			files = (
				D0A8602316068D6600BCFDE9 /* main.m in Sources */,
				D0A8602716068D6600BCFDE9 /* AppDelegate.m in Sources */,
				D0A8603016068D6600BCFDE9 /* ViewController.m in Sources */,
			);
			runOnlyForDeploymentPostprocessing = 0;
		};
/* End PBXSourcesBuildPhase section */

/* Begin PBXVariantGroup section */
		D0A8601F16068D6600BCFDE9 /* InfoPlist.strings */ = {
			isa = PBXVariantGroup;
			children = (
				D0A8602016068D6600BCFDE9 /* en */,
			);
			name = InfoPlist.strings;
			sourceTree = "<group>";
		};
		D0A8602816068D6600BCFDE9 /* MainStoryboard_iPhone.storyboard */ = {
			isa = PBXVariantGroup;
			children = (
				D0A8602916068D6600BCFDE9 /* en */,
			);
			name = MainStoryboard_iPhone.storyboard;
			sourceTree = "<group>";
		};
		D0A8602B16068D6600BCFDE9 /* MainStoryboard_iPad.storyboard */ = {
			isa = PBXVariantGroup;
			children = (
				D0A8602C16068D6600BCFDE9 /* en */,
			);
			name = MainStoryboard_iPad.storyboard;
			sourceTree = "<group>";
		};
/* End PBXVariantGroup section */

/* Begin XCBuildConfiguration section */
		D0A8603116068D6600BCFDE9 /* Debug */ = {
			isa = XCBuildConfiguration;
			buildSettings = {
				ALWAYS_SEARCH_USER_PATHS = NO;
				ARCHS = "$(ARCHS_STANDARD_32_BIT)";
				CLANG_ENABLE_OBJC_ARC = YES;
				"CODE_SIGN_IDENTITY[sdk=iphoneos*]" = "iPhone Developer";
				COPY_PHASE_STRIP = NO;
				GCC_C_LANGUAGE_STANDARD = gnu99;
				GCC_DYNAMIC_NO_PIC = NO;
				GCC_OPTIMIZATION_LEVEL = 0;
				GCC_PREPROCESSOR_DEFINITIONS = (
					"DEBUG=1",
					"$(inherited)",
				);
				GCC_SYMBOLS_PRIVATE_EXTERN = NO;
				GCC_VERSION = com.apple.compilers.llvm.clang.1_0;
				GCC_WARN_ABOUT_MISSING_PROTOTYPES = YES;
				GCC_WARN_ABOUT_RETURN_TYPE = YES;
				GCC_WARN_UNUSED_VARIABLE = YES;
				IPHONEOS_DEPLOYMENT_TARGET = 5.0;
				SDKROOT = iphoneos;
				TARGETED_DEVICE_FAMILY = "1,2";
			};
			name = Debug;
		};
		D0A8603216068D6600BCFDE9 /* Release */ = {
			isa = XCBuildConfiguration;
			buildSettings = {
				ALWAYS_SEARCH_USER_PATHS = NO;
				ARCHS = "$(ARCHS_STANDARD_32_BIT)";
				CLANG_ENABLE_OBJC_ARC = YES;
				"CODE_SIGN_IDENTITY[sdk=iphoneos*]" = "iPhone Developer";
				COPY_PHASE_STRIP = YES;
				GCC_C_LANGUAGE_STANDARD = gnu99;
				GCC_VERSION = com.apple.compilers.llvm.clang.1_0;
				GCC_WARN_ABOUT_MISSING_PROTOTYPES = YES;
				GCC_WARN_ABOUT_RETURN_TYPE = YES;
				GCC_WARN_UNUSED_VARIABLE = YES;
				IPHONEOS_DEPLOYMENT_TARGET = 5.0;
				OTHER_CFLAGS = "-DNS_BLOCK_ASSERTIONS=1";
				SDKROOT = iphoneos;
				TARGETED_DEVICE_FAMILY = "1,2";
				VALIDATE_PRODUCT = YES;
			};
			name = Release;
		};
		D0A8603416068D6600BCFDE9 /* Debug */ = {
			isa = XCBuildConfiguration;
			buildSettings = {
				GCC_PRECOMPILE_PREFIX_HEADER = YES;
				GCC_PREFIX_HEADER = "Calculator2/Calculator2-Prefix.pch";
				INFOPLIST_FILE = "Calculator2/Calculator2-Info.plist";
				PRODUCT_NAME = "$(TARGET_NAME)";
				WRAPPER_EXTENSION = app;
			};
			name = Debug;
		};
		D0A8603516068D6600BCFDE9 /* Release */ = {
			isa = XCBuildConfiguration;
			buildSettings = {
				GCC_PRECOMPILE_PREFIX_HEADER = YES;
				GCC_PREFIX_HEADER = "Calculator2/Calculator2-Prefix.pch";
				INFOPLIST_FILE = "Calculator2/Calculator2-Info.plist";
				PRODUCT_NAME = "$(TARGET_NAME)";
				WRAPPER_EXTENSION = app;
			};
			name = Release;
		};
/* End XCBuildConfiguration section */

/* Begin XCConfigurationList section */
		D0A8600C16068D6600BCFDE9 /* Build configuration list for PBXProject "Calculator2" */ = {
			isa = XCConfigurationList;
			buildConfigurations = (
				D0A8603116068D6600BCFDE9 /* Debug */,
				D0A8603216068D6600BCFDE9 /* Release */,
			);
			defaultConfigurationIsVisible = 0;
			defaultConfigurationName = Release;
		};
		D0A8603316068D6600BCFDE9 /* Build configuration list for PBXNativeTarget "Calculator2" */ = {
			isa = XCConfigurationList;
			buildConfigurations = (
				D0A8603416068D6600BCFDE9 /* Debug */,
				D0A8603516068D6600BCFDE9 /* Release */,
			);
			defaultConfigurationIsVisible = 0;
		};
/* End XCConfigurationList section */
	};
	rootObject = D0A8600916068D6600BCFDE9 /* Project object */;
}
